
Microsoft Visual Studio Solution File, Format Version 12.00
# Visual Studio Version 17
VisualStudioVersion = 17.10.35013.160
MinimumVisualStudioVersion = 10.0.40219.1
Project("{FAE04EC0-301F-11D3-BF4B-00C04F79EFBC}") = "Task Manager API", "Task Manager\Task Manager API.csproj", "{A2AE2110-C4A1-4A42-84EC-153FD9167D58}"
EndProject
Project("{FAE04EC0-301F-11D3-BF4B-00C04F79EFBC}") = "Task Manager Blazor App", "Task Manager Blazor App\Task Manager Blazor App.csproj", "{D1451766-1066-4818-9B95-22E89F111182}"
EndProject
Global
	GlobalSection(SolutionConfigurationPlatforms) = preSolution
		Debug|Any CPU = Debug|Any CPU
		Release|Any CPU = Release|Any CPU
	EndGlobalSection
	GlobalSection(ProjectConfigurationPlatforms) = postSolution
		{A2AE2110-C4A1-4A42-84EC-153FD9167D58}.Debug|Any CPU.ActiveCfg = Debug|Any CPU
		{A2AE2110-C4A1-4A42-84EC-153FD9167D58}.Debug|Any CPU.Build.0 = Debug|Any CPU
		{A2AE2110-C4A1-4A42-84EC-153FD9167D58}.Release|Any CPU.ActiveCfg = Release|Any CPU
		{A2AE2110-C4A1-4A42-84EC-153FD9167D58}.Release|Any CPU.Build.0 = Release|Any CPU
		{D1451766-1066-4818-9B95-22E89F111182}.Debug|Any CPU.ActiveCfg = Debug|Any CPU
		{D1451766-1066-4818-9B95-22E89F111182}.Debug|Any CPU.Build.0 = Debug|Any CPU
		{D1451766-1066-4818-9B95-22E89F111182}.Release|Any CPU.ActiveCfg = Release|Any CPU
		{D1451766-1066-4818-9B95-22E89F111182}.Release|Any CPU.Build.0 = Release|Any CPU
	EndGlobalSection
	GlobalSection(SolutionProperties) = preSolution
		HideSolutionNode = FALSE
	EndGlobalSection
	GlobalSection(ExtensibilityGlobals) = postSolution
		SolutionGuid = {C82BF451-4E6A-48DD-9642-8A300FAC39B4}
	EndGlobalSection
EndGlobal
